{
  "object": {
    "pins": [
      {
        "package": "HTMLString",
        "repositoryURL": "https://github.com/alexaubry/HTMLString.git",
        "state": {
          "branch": null,
          "revision": "373048cc4084dd7481c86e3bee41612eff93b14d",
          "version": "5.0.0"
        }
      },
      {
        "package": "LRUCache",
        "repositoryURL": "https://github.com/nicklockwood/LRUCache.git",
        "state": {
          "branch": null,
          "revision": "cb5b2bd0da83ad29c0bec762d39f41c8ad0eaf3e",
          "version": "1.2.1"
        }
      },
      {
        "package": "Regex",
        "repositoryURL": "https://github.com/sharplet/Regex.git",
        "state": {
          "branch": null,
          "revision": "76c2b73d4281d77fc3118391877efd1bf972f515",
          "version": "2.1.1"
        }
      },
      {
        "package": "swift-atomics",
        "repositoryURL": "https://github.com/apple/swift-atomics.git",
        "state": {
          "branch": null,
          "revision": "b601256eab081c0f92f059e12818ac1d4f178ff7",
          "version": "1.3.0"
        }
      },
      {
        "package": "SwiftSoup",
        "repositoryURL": "https://github.com/scinfu/SwiftSoup.git",
        "state": {
          "branch": null,
          "revision": "d86f244ed497d48012782e2f59c985a55e77b3f5",
          "version": "2.11.3"
        }
      }
    ]
  },
  "version": 1
}
