// !$*UTF8*$!
{
	archiveVersion = 1;
	classes = {
	};
	objectVersion = 46;
	objects = {

/* Begin PBXAggregateTarget section */
		"StuWeDD::StuWeDDPackageTests::ProductTarget" /* StuWeDDPackageTests */ = {
			isa = PBXAggregateTarget;
			buildConfigurationList = OBJ_49 /* Build configuration list for PBXAggregateTarget "StuWeDDPackageTests" */;
			buildPhases = (
			);
			dependencies = (
				OBJ_52 /* PBXTargetDependency */,
			);
			name = StuWeDDPackageTests;
			productName = StuWeDDPackageTests;
		};
/* End PBXAggregateTarget section */

/* Begin PBXBuildFile section */
		3964E9931FA931C4009F9704 /* CardserviceTests.swift in Sources */ = {isa = PBXBuildFile; fileRef = OBJ_20 /* CardserviceTests.swift */; };
		3964E9991FA934DD009F9704 /* Meal.swift in Sources */ = {isa = PBXBuildFile; fileRef = 3964E9981FA934DD009F9704 /* Meal.swift */; };
		3964E99B1FA9369D009F9704 /* Mensa.swift in Sources */ = {isa = PBXBuildFile; fileRef = 3964E99A1FA9369D009F9704 /* Mensa.swift */; };
		3964E99D1FA939D4009F9704 /* FeedParser.swift in Sources */ = {isa = PBXBuildFile; fileRef = 3964E99C1FA939D4009F9704 /* FeedParser.swift */; };
		3964E99F1FA9439B009F9704 /* MensaTests.swift in Sources */ = {isa = PBXBuildFile; fileRef = 3964E99E1FA9439B009F9704 /* MensaTests.swift */; };
		3964E9A11FA94BBA009F9704 /* Regex+match.swift in Sources */ = {isa = PBXBuildFile; fileRef = 3964E9A01FA94BBA009F9704 /* Regex+match.swift */; };
		OBJ_31 /* StuWeDD.framework in Frameworks */ = {isa = PBXBuildFile; fileRef = "StuWeDD::StuWeDD::Product" /* StuWeDD.framework */; };
		OBJ_38 /* CardData.swift in Sources */ = {isa = PBXBuildFile; fileRef = OBJ_9 /* CardData.swift */; };
		OBJ_39 /* Cardservice.swift in Sources */ = {isa = PBXBuildFile; fileRef = OBJ_10 /* Cardservice.swift */; };
		OBJ_40 /* Date+short.swift in Sources */ = {isa = PBXBuildFile; fileRef = OBJ_11 /* Date+short.swift */; };
		OBJ_41 /* Double+euroString.swift in Sources */ = {isa = PBXBuildFile; fileRef = OBJ_12 /* Double+euroString.swift */; };
		OBJ_42 /* Error.swift in Sources */ = {isa = PBXBuildFile; fileRef = OBJ_13 /* Error.swift */; };
		OBJ_43 /* LoginResponse.swift in Sources */ = {isa = PBXBuildFile; fileRef = OBJ_14 /* LoginResponse.swift */; };
		OBJ_44 /* Network.swift in Sources */ = {isa = PBXBuildFile; fileRef = OBJ_15 /* Network.swift */; };
		OBJ_45 /* Result.swift in Sources */ = {isa = PBXBuildFile; fileRef = OBJ_16 /* Result.swift */; };
		OBJ_46 /* Transaction.swift in Sources */ = {isa = PBXBuildFile; fileRef = OBJ_17 /* Transaction.swift */; };
/* End PBXBuildFile section */

/* Begin PBXContainerItemProxy section */
		39DCDB561F1C143900C4C61A /* PBXContainerItemProxy */ = {
			isa = PBXContainerItemProxy;
			containerPortal = OBJ_1 /* Project object */;
			proxyType = 1;
			remoteGlobalIDString = "StuWeDD::StuWeDD";
			remoteInfo = StuWeDD;
		};
		39DCDB571F1C143A00C4C61A /* PBXContainerItemProxy */ = {
			isa = PBXContainerItemProxy;
			containerPortal = OBJ_1 /* Project object */;
			proxyType = 1;
			remoteGlobalIDString = "StuWeDD::StuWeDDTests";
			remoteInfo = StuWeDDTests;
		};
/* End PBXContainerItemProxy section */

/* Begin PBXFileReference section */
		3964E9981FA934DD009F9704 /* Meal.swift */ = {isa = PBXFileReference; lastKnownFileType = sourcecode.swift; path = Meal.swift; sourceTree = "<group>"; };
		3964E99A1FA9369D009F9704 /* Mensa.swift */ = {isa = PBXFileReference; lastKnownFileType = sourcecode.swift; path = Mensa.swift; sourceTree = "<group>"; };
		3964E99C1FA939D4009F9704 /* FeedParser.swift */ = {isa = PBXFileReference; lastKnownFileType = sourcecode.swift; path = FeedParser.swift; sourceTree = "<group>"; };
		3964E99E1FA9439B009F9704 /* MensaTests.swift */ = {isa = PBXFileReference; lastKnownFileType = sourcecode.swift; path = MensaTests.swift; sourceTree = "<group>"; };
		3964E9A01FA94BBA009F9704 /* Regex+match.swift */ = {isa = PBXFileReference; lastKnownFileType = sourcecode.swift; path = "Regex+match.swift"; sourceTree = "<group>"; };
		OBJ_10 /* Cardservice.swift */ = {isa = PBXFileReference; lastKnownFileType = sourcecode.swift; path = Cardservice.swift; sourceTree = "<group>"; };
		OBJ_11 /* Date+short.swift */ = {isa = PBXFileReference; lastKnownFileType = sourcecode.swift; path = "Date+short.swift"; sourceTree = "<group>"; };
		OBJ_12 /* Double+euroString.swift */ = {isa = PBXFileReference; lastKnownFileType = sourcecode.swift; path = "Double+euroString.swift"; sourceTree = "<group>"; };
		OBJ_13 /* Error.swift */ = {isa = PBXFileReference; lastKnownFileType = sourcecode.swift; path = Error.swift; sourceTree = "<group>"; };
		OBJ_14 /* LoginResponse.swift */ = {isa = PBXFileReference; lastKnownFileType = sourcecode.swift; path = LoginResponse.swift; sourceTree = "<group>"; };
		OBJ_15 /* Network.swift */ = {isa = PBXFileReference; lastKnownFileType = sourcecode.swift; path = Network.swift; sourceTree = "<group>"; };
		OBJ_16 /* Result.swift */ = {isa = PBXFileReference; lastKnownFileType = sourcecode.swift; path = Result.swift; sourceTree = "<group>"; };
		OBJ_17 /* Transaction.swift */ = {isa = PBXFileReference; lastKnownFileType = sourcecode.swift; path = Transaction.swift; sourceTree = "<group>"; };
		OBJ_20 /* CardserviceTests.swift */ = {isa = PBXFileReference; lastKnownFileType = sourcecode.swift; path = CardserviceTests.swift; sourceTree = "<group>"; };
		OBJ_6 /* Package.swift */ = {isa = PBXFileReference; explicitFileType = sourcecode.swift; path = Package.swift; sourceTree = "<group>"; };
		OBJ_9 /* CardData.swift */ = {isa = PBXFileReference; lastKnownFileType = sourcecode.swift; path = CardData.swift; sourceTree = "<group>"; };
		"StuWeDD::StuWeDD::Product" /* StuWeDD.framework */ = {isa = PBXFileReference; explicitFileType = wrapper.framework; path = StuWeDD.framework; sourceTree = BUILT_PRODUCTS_DIR; };
		"StuWeDD::StuWeDDTests::Product" /* StuWeDDTests.xctest */ = {isa = PBXFileReference; lastKnownFileType = file; path = StuWeDDTests.xctest; sourceTree = BUILT_PRODUCTS_DIR; };
/* End PBXFileReference section */

/* Begin PBXFrameworksBuildPhase section */
		OBJ_30 /* Frameworks */ = {
			isa = PBXFrameworksBuildPhase;
			buildActionMask = 0;
			files = (
				OBJ_31 /* StuWeDD.framework in Frameworks */,
			);
			runOnlyForDeploymentPostprocessing = 0;
		};
		OBJ_47 /* Frameworks */ = {
			isa = PBXFrameworksBuildPhase;
			buildActionMask = 0;
			files = (
			);
			runOnlyForDeploymentPostprocessing = 0;
		};
/* End PBXFrameworksBuildPhase section */

/* Begin PBXGroup section */
		3964E9911FA931A5009F9704 /* Cardservice */ = {
			isa = PBXGroup;
			children = (
				OBJ_10 /* Cardservice.swift */,
				OBJ_9 /* CardData.swift */,
				OBJ_14 /* LoginResponse.swift */,
				OBJ_17 /* Transaction.swift */,
			);
			name = Cardservice;
			path = Sources/StuWeDD/Cardservice;
			sourceTree = SOURCE_ROOT;
		};
		3964E9971FA934C3009F9704 /* Mensa */ = {
			isa = PBXGroup;
			children = (
				3964E9981FA934DD009F9704 /* Meal.swift */,
				3964E99A1FA9369D009F9704 /* Mensa.swift */,
				3964E99C1FA939D4009F9704 /* FeedParser.swift */,
			);
			name = Mensa;
			path = Sources/StuWeDD/Mensa;
			sourceTree = SOURCE_ROOT;
		};
		OBJ_18 /* Tests */ = {
			isa = PBXGroup;
			children = (
				OBJ_19 /* StuWeDDTests */,
			);
			name = Tests;
			sourceTree = SOURCE_ROOT;
		};
		OBJ_19 /* StuWeDDTests */ = {
			isa = PBXGroup;
			children = (
				OBJ_20 /* CardserviceTests.swift */,
				3964E99E1FA9439B009F9704 /* MensaTests.swift */,
			);
			name = StuWeDDTests;
			path = Tests/StuWeDDTests;
			sourceTree = SOURCE_ROOT;
		};
		OBJ_21 /* Products */ = {
			isa = PBXGroup;
			children = (
				"StuWeDD::StuWeDDTests::Product" /* StuWeDDTests.xctest */,
				"StuWeDD::StuWeDD::Product" /* StuWeDD.framework */,
			);
			name = Products;
			sourceTree = BUILT_PRODUCTS_DIR;
		};
		OBJ_5 = {
			isa = PBXGroup;
			children = (
				OBJ_6 /* Package.swift */,
				OBJ_7 /* Sources */,
				OBJ_18 /* Tests */,
				OBJ_21 /* Products */,
			);
			sourceTree = "<group>";
		};
		OBJ_7 /* Sources */ = {
			isa = PBXGroup;
			children = (
				OBJ_8 /* StuWeDD */,
			);
			name = Sources;
			sourceTree = SOURCE_ROOT;
		};
		OBJ_8 /* StuWeDD */ = {
			isa = PBXGroup;
			children = (
				3964E9971FA934C3009F9704 /* Mensa */,
				3964E9911FA931A5009F9704 /* Cardservice */,
				OBJ_11 /* Date+short.swift */,
				OBJ_12 /* Double+euroString.swift */,
				OBJ_13 /* Error.swift */,
				OBJ_15 /* Network.swift */,
				OBJ_16 /* Result.swift */,
				3964E9A01FA94BBA009F9704 /* Regex+match.swift */,
			);
			name = StuWeDD;
			path = Sources/StuWeDD;
			sourceTree = SOURCE_ROOT;
		};
/* End PBXGroup section */

/* Begin PBXNativeTarget section */
		"StuWeDD::StuWeDD" /* StuWeDD */ = {
			isa = PBXNativeTarget;
			buildConfigurationList = OBJ_34 /* Build configuration list for PBXNativeTarget "StuWeDD" */;
			buildPhases = (
				OBJ_37 /* Sources */,
				OBJ_47 /* Frameworks */,
			);
			buildRules = (
			);
			dependencies = (
			);
			name = StuWeDD;
			productName = StuWeDD;
			productReference = "StuWeDD::StuWeDD::Product" /* StuWeDD.framework */;
			productType = "com.apple.product-type.framework";
		};
		"StuWeDD::StuWeDDTests" /* StuWeDDTests */ = {
			isa = PBXNativeTarget;
			buildConfigurationList = OBJ_25 /* Build configuration list for PBXNativeTarget "StuWeDDTests" */;
			buildPhases = (
				OBJ_28 /* Sources */,
				OBJ_30 /* Frameworks */,
			);
			buildRules = (
			);
			dependencies = (
				OBJ_32 /* PBXTargetDependency */,
			);
			name = StuWeDDTests;
			productName = StuWeDDTests;
			productReference = "StuWeDD::StuWeDDTests::Product" /* StuWeDDTests.xctest */;
			productType = "com.apple.product-type.bundle.unit-test";
		};
/* End PBXNativeTarget section */

/* Begin PBXProject section */
		OBJ_1 /* Project object */ = {
			isa = PBXProject;
			attributes = {
				LastUpgradeCheck = 9999;
			};
			buildConfigurationList = OBJ_2 /* Build configuration list for PBXProject "StuWeDD" */;
			compatibilityVersion = "Xcode 3.2";
			developmentRegion = English;
			hasScannedForEncodings = 0;
			knownRegions = (
				en,
			);
			mainGroup = OBJ_5;
			productRefGroup = OBJ_21 /* Products */;
			projectDirPath = "";
			projectRoot = "";
			targets = (
				"StuWeDD::StuWeDDTests" /* StuWeDDTests */,
				"StuWeDD::StuWeDD" /* StuWeDD */,
				"StuWeDD::StuWeDDPackageTests::ProductTarget" /* StuWeDDPackageTests */,
			);
		};
/* End PBXProject section */

/* Begin PBXSourcesBuildPhase section */
		OBJ_28 /* Sources */ = {
			isa = PBXSourcesBuildPhase;
			buildActionMask = 0;
			files = (
				3964E99F1FA9439B009F9704 /* MensaTests.swift in Sources */,
				3964E9931FA931C4009F9704 /* CardserviceTests.swift in Sources */,
			);
			runOnlyForDeploymentPostprocessing = 0;
		};
		OBJ_37 /* Sources */ = {
			isa = PBXSourcesBuildPhase;
			buildActionMask = 0;
			files = (
				3964E9991FA934DD009F9704 /* Meal.swift in Sources */,
				3964E99D1FA939D4009F9704 /* FeedParser.swift in Sources */,
				OBJ_38 /* CardData.swift in Sources */,
				3964E9A11FA94BBA009F9704 /* Regex+match.swift in Sources */,
				OBJ_39 /* Cardservice.swift in Sources */,
				OBJ_40 /* Date+short.swift in Sources */,
				OBJ_41 /* Double+euroString.swift in Sources */,
				OBJ_42 /* Error.swift in Sources */,
				OBJ_43 /* LoginResponse.swift in Sources */,
				OBJ_44 /* Network.swift in Sources */,
				3964E99B1FA9369D009F9704 /* Mensa.swift in Sources */,
				OBJ_45 /* Result.swift in Sources */,
				OBJ_46 /* Transaction.swift in Sources */,
			);
			runOnlyForDeploymentPostprocessing = 0;
		};
/* End PBXSourcesBuildPhase section */

/* Begin PBXTargetDependency section */
		OBJ_32 /* PBXTargetDependency */ = {
			isa = PBXTargetDependency;
			target = "StuWeDD::StuWeDD" /* StuWeDD */;
			targetProxy = 39DCDB561F1C143900C4C61A /* PBXContainerItemProxy */;
		};
		OBJ_52 /* PBXTargetDependency */ = {
			isa = PBXTargetDependency;
			target = "StuWeDD::StuWeDDTests" /* StuWeDDTests */;
			targetProxy = 39DCDB571F1C143A00C4C61A /* PBXContainerItemProxy */;
		};
/* End PBXTargetDependency section */

/* Begin XCBuildConfiguration section */
		OBJ_26 /* Debug */ = {
			isa = XCBuildConfiguration;
			buildSettings = {
				EMBEDDED_CONTENT_CONTAINS_SWIFT = YES;
				FRAMEWORK_SEARCH_PATHS = (
					"$(inherited)",
					"$(PLATFORM_DIR)/Developer/Library/Frameworks",
				);
				HEADER_SEARCH_PATHS = "$(inherited)";
				INFOPLIST_FILE = StuWeDD.xcodeproj/StuWeDDTests_Info.plist;
				LD_RUNPATH_SEARCH_PATHS = "@loader_path/../Frameworks @loader_path/Frameworks";
				OTHER_LDFLAGS = "$(inherited)";
				OTHER_SWIFT_FLAGS = "$(inherited)";
				SWIFT_VERSION = 4.0;
				TARGET_NAME = StuWeDDTests;
			};
			name = Debug;
		};
		OBJ_27 /* Release */ = {
			isa = XCBuildConfiguration;
			buildSettings = {
				EMBEDDED_CONTENT_CONTAINS_SWIFT = YES;
				FRAMEWORK_SEARCH_PATHS = (
					"$(inherited)",
					"$(PLATFORM_DIR)/Developer/Library/Frameworks",
				);
				HEADER_SEARCH_PATHS = "$(inherited)";
				INFOPLIST_FILE = StuWeDD.xcodeproj/StuWeDDTests_Info.plist;
				LD_RUNPATH_SEARCH_PATHS = "@loader_path/../Frameworks @loader_path/Frameworks";
				OTHER_LDFLAGS = "$(inherited)";
				OTHER_SWIFT_FLAGS = "$(inherited)";
				SWIFT_VERSION = 4.0;
				TARGET_NAME = StuWeDDTests;
			};
			name = Release;
		};
		OBJ_3 /* Debug */ = {
			isa = XCBuildConfiguration;
			buildSettings = {
				CLANG_ENABLE_OBJC_ARC = YES;
				COMBINE_HIDPI_IMAGES = YES;
				COPY_PHASE_STRIP = NO;
				DEBUG_INFORMATION_FORMAT = dwarf;
				DYLIB_INSTALL_NAME_BASE = "@rpath";
				ENABLE_NS_ASSERTIONS = YES;
				GCC_OPTIMIZATION_LEVEL = 0;
				MACOSX_DEPLOYMENT_TARGET = 10.10;
				ONLY_ACTIVE_ARCH = YES;
				OTHER_SWIFT_FLAGS = "-DXcode";
				PRODUCT_NAME = "$(TARGET_NAME)";
				SDKROOT = macosx;
				SUPPORTED_PLATFORMS = "macosx iphoneos iphonesimulator appletvos appletvsimulator watchos watchsimulator";
				SWIFT_ACTIVE_COMPILATION_CONDITIONS = SWIFT_PACKAGE;
				SWIFT_OPTIMIZATION_LEVEL = "-Onone";
				USE_HEADERMAP = NO;
			};
			name = Debug;
		};
		OBJ_35 /* Debug */ = {
			isa = XCBuildConfiguration;
			buildSettings = {
				ENABLE_TESTABILITY = YES;
				FRAMEWORK_SEARCH_PATHS = (
					"$(inherited)",
					"$(PLATFORM_DIR)/Developer/Library/Frameworks",
				);
				HEADER_SEARCH_PATHS = "$(inherited)";
				INFOPLIST_FILE = StuWeDD.xcodeproj/StuWeDD_Info.plist;
				LD_RUNPATH_SEARCH_PATHS = "$(TOOLCHAIN_DIR)/usr/lib/swift/macosx";
				OTHER_LDFLAGS = "$(inherited)";
				OTHER_SWIFT_FLAGS = "$(inherited)";
				PRODUCT_BUNDLE_IDENTIFIER = StuWeDD;
				PRODUCT_MODULE_NAME = "$(TARGET_NAME:c99extidentifier)";
				PRODUCT_NAME = "$(TARGET_NAME:c99extidentifier)";
				SKIP_INSTALL = YES;
				SWIFT_VERSION = 4.0;
				TARGET_NAME = StuWeDD;
			};
			name = Debug;
		};
		OBJ_36 /* Release */ = {
			isa = XCBuildConfiguration;
			buildSettings = {
				ENABLE_TESTABILITY = YES;
				FRAMEWORK_SEARCH_PATHS = (
					"$(inherited)",
					"$(PLATFORM_DIR)/Developer/Library/Frameworks",
				);
				HEADER_SEARCH_PATHS = "$(inherited)";
				INFOPLIST_FILE = StuWeDD.xcodeproj/StuWeDD_Info.plist;
				LD_RUNPATH_SEARCH_PATHS = "$(TOOLCHAIN_DIR)/usr/lib/swift/macosx";
				OTHER_LDFLAGS = "$(inherited)";
				OTHER_SWIFT_FLAGS = "$(inherited)";
				PRODUCT_BUNDLE_IDENTIFIER = StuWeDD;
				PRODUCT_MODULE_NAME = "$(TARGET_NAME:c99extidentifier)";
				PRODUCT_NAME = "$(TARGET_NAME:c99extidentifier)";
				SKIP_INSTALL = YES;
				SWIFT_VERSION = 4.0;
				TARGET_NAME = StuWeDD;
			};
			name = Release;
		};
		OBJ_4 /* Release */ = {
			isa = XCBuildConfiguration;
			buildSettings = {
				CLANG_ENABLE_OBJC_ARC = YES;
				COMBINE_HIDPI_IMAGES = YES;
				COPY_PHASE_STRIP = YES;
				DEBUG_INFORMATION_FORMAT = "dwarf-with-dsym";
				DYLIB_INSTALL_NAME_BASE = "@rpath";
				GCC_OPTIMIZATION_LEVEL = s;
				MACOSX_DEPLOYMENT_TARGET = 10.10;
				OTHER_SWIFT_FLAGS = "-DXcode";
				PRODUCT_NAME = "$(TARGET_NAME)";
				SDKROOT = macosx;
				SUPPORTED_PLATFORMS = "macosx iphoneos iphonesimulator appletvos appletvsimulator watchos watchsimulator";
				SWIFT_ACTIVE_COMPILATION_CONDITIONS = SWIFT_PACKAGE;
				SWIFT_OPTIMIZATION_LEVEL = "-Owholemodule";
				USE_HEADERMAP = NO;
			};
			name = Release;
		};
		OBJ_50 /* Debug */ = {
			isa = XCBuildConfiguration;
			buildSettings = {
			};
			name = Debug;
		};
		OBJ_51 /* Release */ = {
			isa = XCBuildConfiguration;
			buildSettings = {
			};
			name = Release;
		};
/* End XCBuildConfiguration section */

/* Begin XCConfigurationList section */
		OBJ_2 /* Build configuration list for PBXProject "StuWeDD" */ = {
			isa = XCConfigurationList;
			buildConfigurations = (
				OBJ_3 /* Debug */,
				OBJ_4 /* Release */,
			);
			defaultConfigurationIsVisible = 0;
			defaultConfigurationName = Debug;
		};
		OBJ_25 /* Build configuration list for PBXNativeTarget "StuWeDDTests" */ = {
			isa = XCConfigurationList;
			buildConfigurations = (
				OBJ_26 /* Debug */,
				OBJ_27 /* Release */,
			);
			defaultConfigurationIsVisible = 0;
			defaultConfigurationName = Debug;
		};
		OBJ_34 /* Build configuration list for PBXNativeTarget "StuWeDD" */ = {
			isa = XCConfigurationList;
			buildConfigurations = (
				OBJ_35 /* Debug */,
				OBJ_36 /* Release */,
			);
			defaultConfigurationIsVisible = 0;
			defaultConfigurationName = Debug;
		};
		OBJ_49 /* Build configuration list for PBXAggregateTarget "StuWeDDPackageTests" */ = {
			isa = XCConfigurationList;
			buildConfigurations = (
				OBJ_50 /* Debug */,
				OBJ_51 /* Release */,
			);
			defaultConfigurationIsVisible = 0;
			defaultConfigurationName = Debug;
		};
/* End XCConfigurationList section */
	};
	rootObject = OBJ_1 /* Project object */;
}
